// !$*UTF8*$!
{
	archiveVersion = 1;
	classes = {
	};
	objectVersion = 56;
	objects = {

/* Begin PBXBuildFile section */
		2CB3BEBA298A79FB009A4EA4 /* CalulatorApp.swift in Sources */ = {isa = PBXBuildFile; fileRef = 2CB3BEB9298A79FB009A4EA4 /* CalulatorApp.swift */; };
		2CB3BEBC298A79FB009A4EA4 /* ContentView.swift in Sources */ = {isa = PBXBuildFile; fileRef = 2CB3BEBB298A79FB009A4EA4 /* ContentView.swift */; };
		2CB3BEBE298A79FB009A4EA4 /* Assets.xcassets in Resources */ = {isa = PBXBuildFile; fileRef = 2CB3BEBD298A79FB009A4EA4 /* Assets.xcassets */; };
		2CB3BEC1298A79FB009A4EA4 /* Preview Assets.xcassets in Resources */ = {isa = PBXBuildFile; fileRef = 2CB3BEC0298A79FB009A4EA4 /* Preview Assets.xcassets */; };
		2CB3BECB298A79FC009A4EA4 /* CalulatorTests.swift in Sources */ = {isa = PBXBuildFile; fileRef = 2CB3BECA298A79FC009A4EA4 /* CalulatorTests.swift */; };
		2CB3BED5298A79FC009A4EA4 /* CalulatorUITests.swift in Sources */ = {isa = PBXBuildFile; fileRef = 2CB3BED4298A79FC009A4EA4 /* CalulatorUITests.swift */; };
		2CB3BED7298A79FC009A4EA4 /* CalulatorUITestsLaunchTests.swift in Sources */ = {isa = PBXBuildFile; fileRef = 2CB3BED6298A79FC009A4EA4 /* CalulatorUITestsLaunchTests.swift */; };
/* End PBXBuildFile section */

/* Begin PBXContainerItemProxy section */
		2CB3BEC7298A79FB009A4EA4 /* PBXContainerItemProxy */ = {
			isa = PBXContainerItemProxy;
			containerPortal = 2CB3BEAE298A79FB009A4EA4 /* Project object */;
			proxyType = 1;
			remoteGlobalIDString = 2CB3BEB5298A79FB009A4EA4;
			remoteInfo = Calulator;
		};
		2CB3BED1298A79FC009A4EA4 /* PBXContainerItemProxy */ = {
			isa = PBXContainerItemProxy;
			containerPortal = 2CB3BEAE298A79FB009A4EA4 /* Project object */;
			proxyType = 1;
			remoteGlobalIDString = 2CB3BEB5298A79FB009A4EA4;
			remoteInfo = Calulator;
		};
/* End PBXContainerItemProxy section */

/* Begin PBXFileReference section */
		2CB3BEB6298A79FB009A4EA4 /* Calulator.app */ = {isa = PBXFileReference; explicitFileType = wrapper.application; includeInIndex = 0; path = Calulator.app; sourceTree = BUILT_PRODUCTS_DIR; };
		2CB3BEB9298A79FB009A4EA4 /* CalulatorApp.swift */ = {isa = PBXFileReference; lastKnownFileType = sourcecode.swift; path = CalulatorApp.swift; sourceTree = "<group>"; };
		2CB3BEBB298A79FB009A4EA4 /* ContentView.swift */ = {isa = PBXFileReference; lastKnownFileType = sourcecode.swift; path = ContentView.swift; sourceTree = "<group>"; };
		2CB3BEBD298A79FB009A4EA4 /* Assets.xcassets */ = {isa = PBXFileReference; lastKnownFileType = folder.assetcatalog; path = Assets.xcassets; sourceTree = "<group>"; };
		2CB3BEC0298A79FB009A4EA4 /* Preview Assets.xcassets */ = {isa = PBXFileReference; lastKnownFileType = folder.assetcatalog; path = "Preview Assets.xcassets"; sourceTree = "<group>"; };
		2CB3BEC6298A79FB009A4EA4 /* CalulatorTests.xctest */ = {isa = PBXFileReference; explicitFileType = wrapper.cfbundle; includeInIndex = 0; path = CalulatorTests.xctest; sourceTree = BUILT_PRODUCTS_DIR; };
		2CB3BECA298A79FC009A4EA4 /* CalulatorTests.swift */ = {isa = PBXFileReference; lastKnownFileType = sourcecode.swift; path = CalulatorTests.swift; sourceTree = "<group>"; };
		2CB3BED0298A79FC009A4EA4 /* CalulatorUITests.xctest */ = {isa = PBXFileReference; explicitFileType = wrapper.cfbundle; includeInIndex = 0; path = CalulatorUITests.xctest; sourceTree = BUILT_PRODUCTS_DIR; };
		2CB3BED4298A79FC009A4EA4 /* CalulatorUITests.swift */ = {isa = PBXFileReference; lastKnownFileType = sourcecode.swift; path = CalulatorUITests.swift; sourceTree = "<group>"; };
		2CB3BED6298A79FC009A4EA4 /* CalulatorUITestsLaunchTests.swift */ = {isa = PBXFileReference; lastKnownFileType = sourcecode.swift; path = CalulatorUITestsLaunchTests.swift; sourceTree = "<group>"; };
/* End PBXFileReference section */

/* Begin PBXFrameworksBuildPhase section */
		2CB3BEB3298A79FB009A4EA4 /* Frameworks */ = {
			isa = PBXFrameworksBuildPhase;
			buildActionMask = 2147483647;
			files = (
			);
			runOnlyForDeploymentPostprocessing = 0;
		};
		2CB3BEC3298A79FB009A4EA4 /* Frameworks */ = {
			isa = PBXFrameworksBuildPhase;
			buildActionMask = 2147483647;
			files = (
			);
			runOnlyForDeploymentPostprocessing = 0;
		};
		2CB3BECD298A79FC009A4EA4 /* Frameworks */ = {
			isa = PBXFrameworksBuildPhase;
			buildActionMask = 2147483647;
			files = (
			);
			runOnlyForDeploymentPostprocessing = 0;
		};
/* End PBXFrameworksBuildPhase section */

/* Begin PBXGroup section */
		2CB3BEAD298A79FB009A4EA4 = {
			isa = PBXGroup;
			children = (
				2CB3BEB8298A79FB009A4EA4 /* Calulator */,
				2CB3BEC9298A79FC009A4EA4 /* CalulatorTests */,
				2CB3BED3298A79FC009A4EA4 /* CalulatorUITests */,
				2CB3BEB7298A79FB009A4EA4 /* Products */,
			);
			sourceTree = "<group>";
		};
		2CB3BEB7298A79FB009A4EA4 /* Products */ = {
			isa = PBXGroup;
			children = (
				2CB3BEB6298A79FB009A4EA4 /* Calulator.app */,
				2CB3BEC6298A79FB009A4EA4 /* CalulatorTests.xctest */,
				2CB3BED0298A79FC009A4EA4 /* CalulatorUITests.xctest */,
			);
			name = Products;
			sourceTree = "<group>";
		};
		2CB3BEB8298A79FB009A4EA4 /* Calulator */ = {
			isa = PBXGroup;
			children = (
				2CB3BEB9298A79FB009A4EA4 /* CalulatorApp.swift */,
				2CB3BEBB298A79FB009A4EA4 /* ContentView.swift */,
				2CB3BEBD298A79FB009A4EA4 /* Assets.xcassets */,
				2CB3BEBF298A79FB009A4EA4 /* Preview Content */,
			);
			path = Calulator;
			sourceTree = "<group>";
		};
		2CB3BEBF298A79FB009A4EA4 /* Preview Content */ = {
			isa = PBXGroup;
			children = (
				2CB3BEC0298A79FB009A4EA4 /* Preview Assets.xcassets */,
			);
			path = "Preview Content";
			sourceTree = "<group>";
		};
		2CB3BEC9298A79FC009A4EA4 /* CalulatorTests */ = {
			isa = PBXGroup;
			children = (
				2CB3BECA298A79FC009A4EA4 /* CalulatorTests.swift */,
			);
			path = CalulatorTests;
			sourceTree = "<group>";
		};
		2CB3BED3298A79FC009A4EA4 /* CalulatorUITests */ = {
			isa = PBXGroup;
			children = (
				2CB3BED4298A79FC009A4EA4 /* CalulatorUITests.swift */,
				2CB3BED6298A79FC009A4EA4 /* CalulatorUITestsLaunchTests.swift */,
			);
			path = CalulatorUITests;
			sourceTree = "<group>";
		};
/* End PBXGroup section */

/* Begin PBXNativeTarget section */
		2CB3BEB5298A79FB009A4EA4 /* Calulator */ = {
			isa = PBXNativeTarget;
			buildConfigurationList = 2CB3BEDA298A79FC009A4EA4 /* Build configuration list for PBXNativeTarget "Calulator" */;
			buildPhases = (
				2CB3BEB2298A79FB009A4EA4 /* Sources */,
				2CB3BEB3298A79FB009A4EA4 /* Frameworks */,
				2CB3BEB4298A79FB009A4EA4 /* Resources */,
			);
			buildRules = (
			);
			dependencies = (
			);
			name = Calulator;
			productName = Calulator;
			productReference = 2CB3BEB6298A79FB009A4EA4 /* Calulator.app */;
			productType = "com.apple.product-type.application";
		};
		2CB3BEC5298A79FB009A4EA4 /* CalulatorTests */ = {
			isa = PBXNativeTarget;
			buildConfigurationList = 2CB3BEDD298A79FC009A4EA4 /* Build configuration list for PBXNativeTarget "CalulatorTests" */;
			buildPhases = (
				2CB3BEC2298A79FB009A4EA4 /* Sources */,
				2CB3BEC3298A79FB009A4EA4 /* Frameworks */,
				2CB3BEC4298A79FB009A4EA4 /* Resources */,
			);
			buildRules = (
			);
			dependencies = (
				2CB3BEC8298A79FB009A4EA4 /* PBXTargetDependency */,
			);
			name = CalulatorTests;
			productName = CalulatorTests;
			productReference = 2CB3BEC6298A79FB009A4EA4 /* CalulatorTests.xctest */;
			productType = "com.apple.product-type.bundle.unit-test";
		};
		2CB3BECF298A79FC009A4EA4 /* CalulatorUITests */ = {
			isa = PBXNativeTarget;
			buildConfigurationList = 2CB3BEE0298A79FC009A4EA4 /* Build configuration list for PBXNativeTarget "CalulatorUITests" */;
			buildPhases = (
				2CB3BECC298A79FC009A4EA4 /* Sources */,
				2CB3BECD298A79FC009A4EA4 /* Frameworks */,
				2CB3BECE298A79FC009A4EA4 /* Resources */,
			);
			buildRules = (
			);
			dependencies = (
				2CB3BED2298A79FC009A4EA4 /* PBXTargetDependency */,
			);
			name = CalulatorUITests;
			productName = CalulatorUITests;
			productReference = 2CB3BED0298A79FC009A4EA4 /* CalulatorUITests.xctest */;
			productType = "com.apple.product-type.bundle.ui-testing";
		};
/* End PBXNativeTarget section */

/* Begin PBXProject section */
		2CB3BEAE298A79FB009A4EA4 /* Project object */ = {
			isa = PBXProject;
			attributes = {
				BuildIndependentTargetsInParallel = 1;
				LastSwiftUpdateCheck = 1420;
				LastUpgradeCheck = 1420;
				TargetAttributes = {
					2CB3BEB5298A79FB009A4EA4 = {
						CreatedOnToolsVersion = 14.2;
					};
					2CB3BEC5298A79FB009A4EA4 = {
						CreatedOnToolsVersion = 14.2;
						TestTargetID = 2CB3BEB5298A79FB009A4EA4;
					};
					2CB3BECF298A79FC009A4EA4 = {
						CreatedOnToolsVersion = 14.2;
						TestTargetID = 2CB3BEB5298A79FB009A4EA4;
					};
				};
			};
			buildConfigurationList = 2CB3BEB1298A79FB009A4EA4 /* Build configuration list for PBXProject "Calulator" */;
			compatibilityVersion = "Xcode 14.0";
			developmentRegion = en;
			hasScannedForEncodings = 0;
			knownRegions = (
				en,
				Base,
			);
			mainGroup = 2CB3BEAD298A79FB009A4EA4;
			productRefGroup = 2CB3BEB7298A79FB009A4EA4 /* Products */;
			projectDirPath = "";
			projectRoot = "";
			targets = (
				2CB3BEB5298A79FB009A4EA4 /* Calulator */,
				2CB3BEC5298A79FB009A4EA4 /* CalulatorTests */,
				2CB3BECF298A79FC009A4EA4 /* CalulatorUITests */,
			);
		};
/* End PBXProject section */

/* Begin PBXResourcesBuildPhase section */
		2CB3BEB4298A79FB009A4EA4 /* Resources */ = {
			isa = PBXResourcesBuildPhase;
			buildActionMask = 2147483647;
			files = (
				2CB3BEC1298A79FB009A4EA4 /* Preview Assets.xcassets in Resources */,
				2CB3BEBE298A79FB009A4EA4 /* Assets.xcassets in Resources */,
			);
			runOnlyForDeploymentPostprocessing = 0;
		};
		2CB3BEC4298A79FB009A4EA4 /* Resources */ = {
			isa = PBXResourcesBuildPhase;
			buildActionMask = 2147483647;
			files = (
			);
			runOnlyForDeploymentPostprocessing = 0;
		};
		2CB3BECE298A79FC009A4EA4 /* Resources */ = {
			isa = PBXResourcesBuildPhase;
			buildActionMask = 2147483647;
			files = (
			);
			runOnlyForDeploymentPostprocessing = 0;
		};
/* End PBXResourcesBuildPhase section */

/* Begin PBXSourcesBuildPhase section */
		2CB3BEB2298A79FB009A4EA4 /* Sources */ = {
			isa = PBXSourcesBuildPhase;
			buildActionMask = 2147483647;
			files = (
				2CB3BEBC298A79FB009A4EA4 /* ContentView.swift in Sources */,
				2CB3BEBA298A79FB009A4EA4 /* CalulatorApp.swift in Sources */,
			);
			runOnlyForDeploymentPostprocessing = 0;
		};
		2CB3BEC2298A79FB009A4EA4 /* Sources */ = {
			isa = PBXSourcesBuildPhase;
			buildActionMask = 2147483647;
			files = (
				2CB3BECB298A79FC009A4EA4 /* CalulatorTests.swift in Sources */,
			);
			runOnlyForDeploymentPostprocessing = 0;
		};
		2CB3BECC298A79FC009A4EA4 /* Sources */ = {
			isa = PBXSourcesBuildPhase;
			buildActionMask = 2147483647;
			files = (
				2CB3BED7298A79FC009A4EA4 /* CalulatorUITestsLaunchTests.swift in Sources */,
				2CB3BED5298A79FC009A4EA4 /* CalulatorUITests.swift in Sources */,
			);
			runOnlyForDeploymentPostprocessing = 0;
		};
/* End PBXSourcesBuildPhase section */

/* Begin PBXTargetDependency section */
		2CB3BEC8298A79FB009A4EA4 /* PBXTargetDependency */ = {
			isa = PBXTargetDependency;
			target = 2CB3BEB5298A79FB009A4EA4 /* Calulator */;
			targetProxy = 2CB3BEC7298A79FB009A4EA4 /* PBXContainerItemProxy */;
		};
		2CB3BED2298A79FC009A4EA4 /* PBXTargetDependency */ = {
			isa = PBXTargetDependency;
			target = 2CB3BEB5298A79FB009A4EA4 /* Calulator */;
			targetProxy = 2CB3BED1298A79FC009A4EA4 /* PBXContainerItemProxy */;
		};
/* End PBXTargetDependency section */

/* Begin XCBuildConfiguration section */
		2CB3BED8298A79FC009A4EA4 /* Debug */ = {
			isa = XCBuildConfiguration;
			buildSettings = {
				ALWAYS_SEARCH_USER_PATHS = NO;
				CLANG_ANALYZER_NONNULL = YES;
				CLANG_ANALYZER_NUMBER_OBJECT_CONVERSION = YES_AGGRESSIVE;
				CLANG_CXX_LANGUAGE_STANDARD = "gnu++20";
				CLANG_ENABLE_MODULES = YES;
				CLANG_ENABLE_OBJC_ARC = YES;
				CLANG_ENABLE_OBJC_WEAK = YES;
				CLANG_WARN_BLOCK_CAPTURE_AUTORELEASING = YES;
				CLANG_WARN_BOOL_CONVERSION = YES;
				CLANG_WARN_COMMA = YES;
				CLANG_WARN_CONSTANT_CONVERSION = YES;
				CLANG_WARN_DEPRECATED_OBJC_IMPLEMENTATIONS = YES;
				CLANG_WARN_DIRECT_OBJC_ISA_USAGE = YES_ERROR;
				CLANG_WARN_DOCUMENTATION_COMMENTS = YES;
				CLANG_WARN_EMPTY_BODY = YES;
				CLANG_WARN_ENUM_CONVERSION = YES;
				CLANG_WARN_INFINITE_RECURSION = YES;
				CLANG_WARN_INT_CONVERSION = YES;
				CLANG_WARN_NON_LITERAL_NULL_CONVERSION = YES;
				CLANG_WARN_OBJC_IMPLICIT_RETAIN_SELF = YES;
				CLANG_WARN_OBJC_LITERAL_CONVERSION = YES;
				CLANG_WARN_OBJC_ROOT_CLASS = YES_ERROR;
				CLANG_WARN_QUOTED_INCLUDE_IN_FRAMEWORK_HEADER = YES;
				CLANG_WARN_RANGE_LOOP_ANALYSIS = YES;
				CLANG_WARN_STRICT_PROTOTYPES = YES;
				CLANG_WARN_SUSPICIOUS_MOVE = YES;
				CLANG_WARN_UNGUARDED_AVAILABILITY = YES_AGGRESSIVE;
				CLANG_WARN_UNREACHABLE_CODE = YES;
				CLANG_WARN__DUPLICATE_METHOD_MATCH = YES;
				COPY_PHASE_STRIP = NO;
				DEBUG_INFORMATION_FORMAT = dwarf;
				ENABLE_STRICT_OBJC_MSGSEND = YES;
				ENABLE_TESTABILITY = YES;
				GCC_C_LANGUAGE_STANDARD = gnu11;
				GCC_DYNAMIC_NO_PIC = NO;
				GCC_NO_COMMON_BLOCKS = YES;
				GCC_OPTIMIZATION_LEVEL = 0;
				GCC_PREPROCESSOR_DEFINITIONS = (
					"DEBUG=1",
					"$(inherited)",
				);
				GCC_WARN_64_TO_32_BIT_CONVERSION = YES;
				GCC_WARN_ABOUT_RETURN_TYPE = YES_ERROR;
				GCC_WARN_UNDECLARED_SELECTOR = YES;
				GCC_WARN_UNINITIALIZED_AUTOS = YES_AGGRESSIVE;
				GCC_WARN_UNUSED_FUNCTION = YES;
				GCC_WARN_UNUSED_VARIABLE = YES;
				IPHONEOS_DEPLOYMENT_TARGET = 16.2;
				MTL_ENABLE_DEBUG_INFO = INCLUDE_SOURCE;
				MTL_FAST_MATH = YES;
				ONLY_ACTIVE_ARCH = YES;
				SDKROOT = iphoneos;
				SWIFT_ACTIVE_COMPILATION_CONDITIONS = DEBUG;
				SWIFT_OPTIMIZATION_LEVEL = "-Onone";
			};
			name = Debug;
		};
		2CB3BED9298A79FC009A4EA4 /* Release */ = {
			isa = XCBuildConfiguration;
			buildSettings = {
				ALWAYS_SEARCH_USER_PATHS = NO;
				CLANG_ANALYZER_NONNULL = YES;
				CLANG_ANALYZER_NUMBER_OBJECT_CONVERSION = YES_AGGRESSIVE;
				CLANG_CXX_LANGUAGE_STANDARD = "gnu++20";
				CLANG_ENABLE_MODULES = YES;
				CLANG_ENABLE_OBJC_ARC = YES;
				CLANG_ENABLE_OBJC_WEAK = YES;
				CLANG_WARN_BLOCK_CAPTURE_AUTORELEASING = YES;
				CLANG_WARN_BOOL_CONVERSION = YES;
				CLANG_WARN_COMMA = YES;
				CLANG_WARN_CONSTANT_CONVERSION = YES;
				CLANG_WARN_DEPRECATED_OBJC_IMPLEMENTATIONS = YES;
				CLANG_WARN_DIRECT_OBJC_ISA_USAGE = YES_ERROR;
				CLANG_WARN_DOCUMENTATION_COMMENTS = YES;
				CLANG_WARN_EMPTY_BODY = YES;
				CLANG_WARN_ENUM_CONVERSION = YES;
				CLANG_WARN_INFINITE_RECURSION = YES;
				CLANG_WARN_INT_CONVERSION = YES;
				CLANG_WARN_NON_LITERAL_NULL_CONVERSION = YES;
				CLANG_WARN_OBJC_IMPLICIT_RETAIN_SELF = YES;
				CLANG_WARN_OBJC_LITERAL_CONVERSION = YES;
				CLANG_WARN_OBJC_ROOT_CLASS = YES_ERROR;
				CLANG_WARN_QUOTED_INCLUDE_IN_FRAMEWORK_HEADER = YES;
				CLANG_WARN_RANGE_LOOP_ANALYSIS = YES;
				CLANG_WARN_STRICT_PROTOTYPES = YES;
				CLANG_WARN_SUSPICIOUS_MOVE = YES;
				CLANG_WARN_UNGUARDED_AVAILABILITY = YES_AGGRESSIVE;
				CLANG_WARN_UNREACHABLE_CODE = YES;
				CLANG_WARN__DUPLICATE_METHOD_MATCH = YES;
				COPY_PHASE_STRIP = NO;
				DEBUG_INFORMATION_FORMAT = "dwarf-with-dsym";
				ENABLE_NS_ASSERTIONS = NO;
				ENABLE_STRICT_OBJC_MSGSEND = YES;
				GCC_C_LANGUAGE_STANDARD = gnu11;
				GCC_NO_COMMON_BLOCKS = YES;
				GCC_WARN_64_TO_32_BIT_CONVERSION = YES;
				GCC_WARN_ABOUT_RETURN_TYPE = YES_ERROR;
				GCC_WARN_UNDECLARED_SELECTOR = YES;
				GCC_WARN_UNINITIALIZED_AUTOS = YES_AGGRESSIVE;
				GCC_WARN_UNUSED_FUNCTION = YES;
				GCC_WARN_UNUSED_VARIABLE = YES;
				IPHONEOS_DEPLOYMENT_TARGET = 16.2;
				MTL_ENABLE_DEBUG_INFO = NO;
				MTL_FAST_MATH = YES;
				SDKROOT = iphoneos;
				SWIFT_COMPILATION_MODE = wholemodule;
				SWIFT_OPTIMIZATION_LEVEL = "-O";
				VALIDATE_PRODUCT = YES;
			};
			name = Release;
		};
		2CB3BEDB298A79FC009A4EA4 /* Debug */ = {
			isa = XCBuildConfiguration;
			buildSettings = {
				ASSETCATALOG_COMPILER_APPICON_NAME = AppIcon;
				ASSETCATALOG_COMPILER_GLOBAL_ACCENT_COLOR_NAME = AccentColor;
				CODE_SIGN_STYLE = Automatic;
				CURRENT_PROJECT_VERSION = 1;
				DEVELOPMENT_ASSET_PATHS = "\"Calulator/Preview Content\"";
				DEVELOPMENT_TEAM = U4BQZ3AXAA;
				ENABLE_PREVIEWS = YES;
				GENERATE_INFOPLIST_FILE = YES;
				INFOPLIST_KEY_UIApplicationSceneManifest_Generation = YES;
				INFOPLIST_KEY_UIApplicationSupportsIndirectInputEvents = YES;
				INFOPLIST_KEY_UILaunchScreen_Generation = YES;
				INFOPLIST_KEY_UISupportedInterfaceOrientations_iPad = "UIInterfaceOrientationPortrait UIInterfaceOrientationPortraitUpsideDown UIInterfaceOrientationLandscapeLeft UIInterfaceOrientationLandscapeRight";
				INFOPLIST_KEY_UISupportedInterfaceOrientations_iPhone = "UIInterfaceOrientationPortrait UIInterfaceOrientationLandscapeLeft UIInterfaceOrientationLandscapeRight";
				LD_RUNPATH_SEARCH_PATHS = (
					"$(inherited)",
					"@executable_path/Frameworks",
				);
				MARKETING_VERSION = 1.0;
				PRODUCT_BUNDLE_IDENTIFIER = com.sueunkim.Calulator;
				PRODUCT_NAME = "$(TARGET_NAME)";
				SWIFT_EMIT_LOC_STRINGS = YES;
				SWIFT_VERSION = 5.0;
				TARGETED_DEVICE_FAMILY = "1,2";
			};
			name = Debug;
		};
		2CB3BEDC298A79FC009A4EA4 /* Release */ = {
			isa = XCBuildConfiguration;
			buildSettings = {
				ASSETCATALOG_COMPILER_APPICON_NAME = AppIcon;
				ASSETCATALOG_COMPILER_GLOBAL_ACCENT_COLOR_NAME = AccentColor;
				CODE_SIGN_STYLE = Automatic;
				CURRENT_PROJECT_VERSION = 1;
				DEVELOPMENT_ASSET_PATHS = "\"Calulator/Preview Content\"";
				DEVELOPMENT_TEAM = U4BQZ3AXAA;
				ENABLE_PREVIEWS = YES;
				GENERATE_INFOPLIST_FILE = YES;
				INFOPLIST_KEY_UIApplicationSceneManifest_Generation = YES;
				INFOPLIST_KEY_UIApplicationSupportsIndirectInputEvents = YES;
				INFOPLIST_KEY_UILaunchScreen_Generation = YES;
				INFOPLIST_KEY_UISupportedInterfaceOrientations_iPad = "UIInterfaceOrientationPortrait UIInterfaceOrientationPortraitUpsideDown UIInterfaceOrientationLandscapeLeft UIInterfaceOrientationLandscapeRight";
				INFOPLIST_KEY_UISupportedInterfaceOrientations_iPhone = "UIInterfaceOrientationPortrait UIInterfaceOrientationLandscapeLeft UIInterfaceOrientationLandscapeRight";
				LD_RUNPATH_SEARCH_PATHS = (
					"$(inherited)",
					"@executable_path/Frameworks",
				);
				MARKETING_VERSION = 1.0;
				PRODUCT_BUNDLE_IDENTIFIER = com.sueunkim.Calulator;
				PRODUCT_NAME = "$(TARGET_NAME)";
				SWIFT_EMIT_LOC_STRINGS = YES;
				SWIFT_VERSION = 5.0;
				TARGETED_DEVICE_FAMILY = "1,2";
			};
			name = Release;
		};
		2CB3BEDE298A79FC009A4EA4 /* Debug */ = {
			isa = XCBuildConfiguration;
			buildSettings = {
				ALWAYS_EMBED_SWIFT_STANDARD_LIBRARIES = YES;
				BUNDLE_LOADER = "$(TEST_HOST)";
				CODE_SIGN_STYLE = Automatic;
				CURRENT_PROJECT_VERSION = 1;
				DEVELOPMENT_TEAM = U4BQZ3AXAA;
				GENERATE_INFOPLIST_FILE = YES;
				IPHONEOS_DEPLOYMENT_TARGET = 16.2;
				MARKETING_VERSION = 1.0;
				PRODUCT_BUNDLE_IDENTIFIER = com.sueunkim.CalulatorTests;
				PRODUCT_NAME = "$(TARGET_NAME)";
				SWIFT_EMIT_LOC_STRINGS = NO;
				SWIFT_VERSION = 5.0;
				TARGETED_DEVICE_FAMILY = "1,2";
				TEST_HOST = "$(BUILT_PRODUCTS_DIR)/Calulator.app/$(BUNDLE_EXECUTABLE_FOLDER_PATH)/Calulator";
			};
			name = Debug;
		};
		2CB3BEDF298A79FC009A4EA4 /* Release */ = {
			isa = XCBuildConfiguration;
			buildSettings = {
				ALWAYS_EMBED_SWIFT_STANDARD_LIBRARIES = YES;
				BUNDLE_LOADER = "$(TEST_HOST)";
				CODE_SIGN_STYLE = Automatic;
				CURRENT_PROJECT_VERSION = 1;
				DEVELOPMENT_TEAM = U4BQZ3AXAA;
				GENERATE_INFOPLIST_FILE = YES;
				IPHONEOS_DEPLOYMENT_TARGET = 16.2;
				MARKETING_VERSION = 1.0;
				PRODUCT_BUNDLE_IDENTIFIER = com.sueunkim.CalulatorTests;
				PRODUCT_NAME = "$(TARGET_NAME)";
				SWIFT_EMIT_LOC_STRINGS = NO;
				SWIFT_VERSION = 5.0;
				TARGETED_DEVICE_FAMILY = "1,2";
				TEST_HOST = "$(BUILT_PRODUCTS_DIR)/Calulator.app/$(BUNDLE_EXECUTABLE_FOLDER_PATH)/Calulator";
			};
			name = Release;
		};
		2CB3BEE1298A79FC009A4EA4 /* Debug */ = {
			isa = XCBuildConfiguration;
			buildSettings = {
				ALWAYS_EMBED_SWIFT_STANDARD_LIBRARIES = YES;
				CODE_SIGN_STYLE = Automatic;
				CURRENT_PROJECT_VERSION = 1;
				DEVELOPMENT_TEAM = U4BQZ3AXAA;
				GENERATE_INFOPLIST_FILE = YES;
				MARKETING_VERSION = 1.0;
				PRODUCT_BUNDLE_IDENTIFIER = com.sueunkim.CalulatorUITests;
				PRODUCT_NAME = "$(TARGET_NAME)";
				SWIFT_EMIT_LOC_STRINGS = NO;
				SWIFT_VERSION = 5.0;
				TARGETED_DEVICE_FAMILY = "1,2";
				TEST_TARGET_NAME = Calulator;
			};
			name = Debug;
		};
		2CB3BEE2298A79FC009A4EA4 /* Release */ = {
			isa = XCBuildConfiguration;
			buildSettings = {
				ALWAYS_EMBED_SWIFT_STANDARD_LIBRARIES = YES;
				CODE_SIGN_STYLE = Automatic;
				CURRENT_PROJECT_VERSION = 1;
				DEVELOPMENT_TEAM = U4BQZ3AXAA;
				GENERATE_INFOPLIST_FILE = YES;
				MARKETING_VERSION = 1.0;
				PRODUCT_BUNDLE_IDENTIFIER = com.sueunkim.CalulatorUITests;
				PRODUCT_NAME = "$(TARGET_NAME)";
				SWIFT_EMIT_LOC_STRINGS = NO;
				SWIFT_VERSION = 5.0;
				TARGETED_DEVICE_FAMILY = "1,2";
				TEST_TARGET_NAME = Calulator;
			};
			name = Release;
		};
/* End XCBuildConfiguration section */

/* Begin XCConfigurationList section */
		2CB3BEB1298A79FB009A4EA4 /* Build configuration list for PBXProject "Calulator" */ = {
			isa = XCConfigurationList;
			buildConfigurations = (
				2CB3BED8298A79FC009A4EA4 /* Debug */,
				2CB3BED9298A79FC009A4EA4 /* Release */,
			);
			defaultConfigurationIsVisible = 0;
			defaultConfigurationName = Release;
		};
		2CB3BEDA298A79FC009A4EA4 /* Build configuration list for PBXNativeTarget "Calulator" */ = {
			isa = XCConfigurationList;
			buildConfigurations = (
				2CB3BEDB298A79FC009A4EA4 /* Debug */,
				2CB3BEDC298A79FC009A4EA4 /* Release */,
			);
			defaultConfigurationIsVisible = 0;
			defaultConfigurationName = Release;
		};
		2CB3BEDD298A79FC009A4EA4 /* Build configuration list for PBXNativeTarget "CalulatorTests" */ = {
			isa = XCConfigurationList;
			buildConfigurations = (
				2CB3BEDE298A79FC009A4EA4 /* Debug */,
				2CB3BEDF298A79FC009A4EA4 /* Release */,
			);
			defaultConfigurationIsVisible = 0;
			defaultConfigurationName = Release;
		};
		2CB3BEE0298A79FC009A4EA4 /* Build configuration list for PBXNativeTarget "CalulatorUITests" */ = {
			isa = XCConfigurationList;
			buildConfigurations = (
				2CB3BEE1298A79FC009A4EA4 /* Debug */,
				2CB3BEE2298A79FC009A4EA4 /* Release */,
			);
			defaultConfigurationIsVisible = 0;
			defaultConfigurationName = Release;
		};
/* End XCConfigurationList section */
	};
	rootObject = 2CB3BEAE298A79FB009A4EA4 /* Project object */;
}
